
Microsoft Visual Studio Solution File, Format Version 12.00
# Visual Studio Version 17
VisualStudioVersion = 17.14.36401.2 d17.14
MinimumVisualStudioVersion = 10.0.40219.1
Project("{FAE04EC0-301F-11D3-BF4B-00C04F79EFBC}") = "CareerPathPlannerAI", "CareerPathPlannerAI.csproj", "{64F9F95B-73B7-4542-92FF-A548BC90EAEE}"
EndProject
Global
	GlobalSection(SolutionConfigurationPlatforms) = preSolution
		Debug|Any CPU = Debug|Any CPU
		Release|Any CPU = Release|Any CPU
	EndGlobalSection
	GlobalSection(ProjectConfigurationPlatforms) = postSolution
		{64F9F95B-73B7-4542-92FF-A548BC90EAEE}.Debug|Any CPU.ActiveCfg = Debug|Any CPU
		{64F9F95B-73B7-4542-92FF-A548BC90EAEE}.Debug|Any CPU.Build.0 = Debug|Any CPU
		{64F9F95B-73B7-4542-92FF-A548BC90EAEE}.Release|Any CPU.ActiveCfg = Release|Any CPU
		{64F9F95B-73B7-4542-92FF-A548BC90EAEE}.Release|Any CPU.Build.0 = Release|Any CPU
	EndGlobalSection
	GlobalSection(SolutionProperties) = preSolution
		HideSolutionNode = FALSE
	EndGlobalSection
	GlobalSection(ExtensibilityGlobals) = postSolution
		SolutionGuid = {B35D2706-5AA5-4A4C-8291-CBEF1EA6071E}
	EndGlobalSection
EndGlobal
